// !$*UTF8*$!
{
	archiveVersion = 1;
	classes = {
	};
	objectVersion = 46;
	objects = {

/* Begin PBXBuildFile section */
		8D469BEF1C4830020056DE69 /* main.m in Sources */ = {isa = PBXBuildFile; fileRef = 8D469BEE1C4830020056DE69 /* main.m */; };
		8D469BF21C4830020056DE69 /* AppDelegate.m in Sources */ = {isa = PBXBuildFile; fileRef = 8D469BF11C4830020056DE69 /* AppDelegate.m */; };
		8D469BF51C4830020056DE69 /* ViewController.m in Sources */ = {isa = PBXBuildFile; fileRef = 8D469BF41C4830020056DE69 /* ViewController.m */; };
		8D469BF81C4830020056DE69 /* Main.storyboard in Resources */ = {isa = PBXBuildFile; fileRef = 8D469BF61C4830020056DE69 /* Main.storyboard */; };
		8D469BFB1C4830020056DE69 /* Breastfeeding.xcdatamodeld in Sources */ = {isa = PBXBuildFile; fileRef = 8D469BF91C4830020056DE69 /* Breastfeeding.xcdatamodeld */; };
		8D469BFD1C4830020056DE69 /* Assets.xcassets in Resources */ = {isa = PBXBuildFile; fileRef = 8D469BFC1C4830020056DE69 /* Assets.xcassets */; };
		8D469C001C4830020056DE69 /* LaunchScreen.storyboard in Resources */ = {isa = PBXBuildFile; fileRef = 8D469BFE1C4830020056DE69 /* LaunchScreen.storyboard */; };
		8D469C0D1C496D7D0056DE69 /* Feeding+CoreDataProperties.m in Sources */ = {isa = PBXBuildFile; fileRef = 8D469C0A1C496D7D0056DE69 /* Feeding+CoreDataProperties.m */; };
		8D469C0E1C496D7D0056DE69 /* Feeding.m in Sources */ = {isa = PBXBuildFile; fileRef = 8D469C0C1C496D7D0056DE69 /* Feeding.m */; };
/* End PBXBuildFile section */

/* Begin PBXFileReference section */
		8D469BEA1C4830020056DE69 /* Breastfeeding.app */ = {isa = PBXFileReference; explicitFileType = wrapper.application; includeInIndex = 0; path = Breastfeeding.app; sourceTree = BUILT_PRODUCTS_DIR; };
		8D469BEE1C4830020056DE69 /* main.m */ = {isa = PBXFileReference; lastKnownFileType = sourcecode.c.objc; path = main.m; sourceTree = "<group>"; };
		8D469BF01C4830020056DE69 /* AppDelegate.h */ = {isa = PBXFileReference; lastKnownFileType = sourcecode.c.h; path = AppDelegate.h; sourceTree = "<group>"; };
		8D469BF11C4830020056DE69 /* AppDelegate.m */ = {isa = PBXFileReference; lastKnownFileType = sourcecode.c.objc; path = AppDelegate.m; sourceTree = "<group>"; };
		8D469BF31C4830020056DE69 /* ViewController.h */ = {isa = PBXFileReference; lastKnownFileType = sourcecode.c.h; path = ViewController.h; sourceTree = "<group>"; };
		8D469BF41C4830020056DE69 /* ViewController.m */ = {isa = PBXFileReference; lastKnownFileType = sourcecode.c.objc; path = ViewController.m; sourceTree = "<group>"; };
		8D469BF71C4830020056DE69 /* Base */ = {isa = PBXFileReference; lastKnownFileType = file.storyboard; name = Base; path = Base.lproj/Main.storyboard; sourceTree = "<group>"; };
		8D469BFA1C4830020056DE69 /* Breastfeeding.xcdatamodel */ = {isa = PBXFileReference; lastKnownFileType = wrapper.xcdatamodel; path = Breastfeeding.xcdatamodel; sourceTree = "<group>"; };
		8D469BFC1C4830020056DE69 /* Assets.xcassets */ = {isa = PBXFileReference; lastKnownFileType = folder.assetcatalog; path = Assets.xcassets; sourceTree = "<group>"; };
		8D469BFF1C4830020056DE69 /* Base */ = {isa = PBXFileReference; lastKnownFileType = file.storyboard; name = Base; path = Base.lproj/LaunchScreen.storyboard; sourceTree = "<group>"; };
		8D469C011C4830020056DE69 /* Info.plist */ = {isa = PBXFileReference; lastKnownFileType = text.plist.xml; path = Info.plist; sourceTree = "<group>"; };
		8D469C091C496D7D0056DE69 /* Feeding+CoreDataProperties.h */ = {isa = PBXFileReference; fileEncoding = 4; lastKnownFileType = sourcecode.c.h; path = "Feeding+CoreDataProperties.h"; sourceTree = "<group>"; };
		8D469C0A1C496D7D0056DE69 /* Feeding+CoreDataProperties.m */ = {isa = PBXFileReference; fileEncoding = 4; lastKnownFileType = sourcecode.c.objc; path = "Feeding+CoreDataProperties.m"; sourceTree = "<group>"; };
		8D469C0B1C496D7D0056DE69 /* Feeding.h */ = {isa = PBXFileReference; fileEncoding = 4; lastKnownFileType = sourcecode.c.h; path = Feeding.h; sourceTree = "<group>"; };
		8D469C0C1C496D7D0056DE69 /* Feeding.m */ = {isa = PBXFileReference; fileEncoding = 4; lastKnownFileType = sourcecode.c.objc; path = Feeding.m; sourceTree = "<group>"; };
/* End PBXFileReference section */

/* Begin PBXFrameworksBuildPhase section */
		8D469BE71C4830020056DE69 /* Frameworks */ = {
			isa = PBXFrameworksBuildPhase;
			buildActionMask = 2147483647;
			files = (
			);
			runOnlyForDeploymentPostprocessing = 0;
		};
/* End PBXFrameworksBuildPhase section */

/* Begin PBXGroup section */
		8D469BE11C4830020056DE69 = {
			isa = PBXGroup;
			children = (
				8D469C091C496D7D0056DE69 /* Feeding+CoreDataProperties.h */,
				8D469C0A1C496D7D0056DE69 /* Feeding+CoreDataProperties.m */,
				8D469C0B1C496D7D0056DE69 /* Feeding.h */,
				8D469C0C1C496D7D0056DE69 /* Feeding.m */,
				8D469BEC1C4830020056DE69 /* Breastfeeding */,
				8D469BEB1C4830020056DE69 /* Products */,
			);
			sourceTree = "<group>";
		};
		8D469BEB1C4830020056DE69 /* Products */ = {
			isa = PBXGroup;
			children = (
				8D469BEA1C4830020056DE69 /* Breastfeeding.app */,
			);
			name = Products;
			sourceTree = "<group>";
		};
		8D469BEC1C4830020056DE69 /* Breastfeeding */ = {
			isa = PBXGroup;
			children = (
				8D469BF01C4830020056DE69 /* AppDelegate.h */,
				8D469BF11C4830020056DE69 /* AppDelegate.m */,
				8D469BF31C4830020056DE69 /* ViewController.h */,
				8D469BF41C4830020056DE69 /* ViewController.m */,
				8D469BF61C4830020056DE69 /* Main.storyboard */,
				8D469BFC1C4830020056DE69 /* Assets.xcassets */,
				8D469BFE1C4830020056DE69 /* LaunchScreen.storyboard */,
				8D469C011C4830020056DE69 /* Info.plist */,
				8D469BF91C4830020056DE69 /* Breastfeeding.xcdatamodeld */,
				8D469BED1C4830020056DE69 /* Supporting Files */,
			);
			path = Breastfeeding;
			sourceTree = "<group>";
		};
		8D469BED1C4830020056DE69 /* Supporting Files */ = {
			isa = PBXGroup;
			children = (
				8D469BEE1C4830020056DE69 /* main.m */,
			);
			name = "Supporting Files";
			sourceTree = "<group>";
		};
/* End PBXGroup section */

/* Begin PBXNativeTarget section */
		8D469BE91C4830020056DE69 /* Breastfeeding */ = {
			isa = PBXNativeTarget;
			buildConfigurationList = 8D469C041C4830020056DE69 /* Build configuration list for PBXNativeTarget "Breastfeeding" */;
			buildPhases = (
				8D469BE61C4830020056DE69 /* Sources */,
				8D469BE71C4830020056DE69 /* Frameworks */,
				8D469BE81C4830020056DE69 /* Resources */,
			);
			buildRules = (
			);
			dependencies = (
			);
			name = Breastfeeding;
			productName = Breastfeeding;
			productReference = 8D469BEA1C4830020056DE69 /* Breastfeeding.app */;
			productType = "com.apple.product-type.application";
		};
/* End PBXNativeTarget section */

/* Begin PBXProject section */
		8D469BE21C4830020056DE69 /* Project object */ = {
			isa = PBXProject;
			attributes = {
				LastUpgradeCheck = 0720;
				ORGANIZATIONNAME = "Samantha Cabral";
				TargetAttributes = {
					8D469BE91C4830020056DE69 = {
						CreatedOnToolsVersion = 7.2;
					};
				};
			};
			buildConfigurationList = 8D469BE51C4830020056DE69 /* Build configuration list for PBXProject "Breastfeeding" */;
			compatibilityVersion = "Xcode 3.2";
			developmentRegion = English;
			hasScannedForEncodings = 0;
			knownRegions = (
				en,
				Base,
			);
			mainGroup = 8D469BE11C4830020056DE69;
			productRefGroup = 8D469BEB1C4830020056DE69 /* Products */;
			projectDirPath = "";
			projectRoot = "";
			targets = (
				8D469BE91C4830020056DE69 /* Breastfeeding */,
			);
		};
/* End PBXProject section */

/* Begin PBXResourcesBuildPhase section */
		8D469BE81C4830020056DE69 /* Resources */ = {
			isa = PBXResourcesBuildPhase;
			buildActionMask = 2147483647;
			files = (
				8D469C001C4830020056DE69 /* LaunchScreen.storyboard in Resources */,
				8D469BFD1C4830020056DE69 /* Assets.xcassets in Resources */,
				8D469BF81C4830020056DE69 /* Main.storyboard in Resources */,
			);
			runOnlyForDeploymentPostprocessing = 0;
		};
/* End PBXResourcesBuildPhase section */

/* Begin PBXSourcesBuildPhase section */
		8D469BE61C4830020056DE69 /* Sources */ = {
			isa = PBXSourcesBuildPhase;
			buildActionMask = 2147483647;
			files = (
				8D469BF51C4830020056DE69 /* ViewController.m in Sources */,
				8D469BFB1C4830020056DE69 /* Breastfeeding.xcdatamodeld in Sources */,
				8D469BF21C4830020056DE69 /* AppDelegate.m in Sources */,
				8D469C0D1C496D7D0056DE69 /* Feeding+CoreDataProperties.m in Sources */,
				8D469C0E1C496D7D0056DE69 /* Feeding.m in Sources */,
				8D469BEF1C4830020056DE69 /* main.m in Sources */,
			);
			runOnlyForDeploymentPostprocessing = 0;
		};
/* End PBXSourcesBuildPhase section */

/* Begin PBXVariantGroup section */
		8D469BF61C4830020056DE69 /* Main.storyboard */ = {
			isa = PBXVariantGroup;
			children = (
				8D469BF71C4830020056DE69 /* Base */,
			);
			name = Main.storyboard;
			sourceTree = "<group>";
		};
		8D469BFE1C4830020056DE69 /* LaunchScreen.storyboard */ = {
			isa = PBXVariantGroup;
			children = (
				8D469BFF1C4830020056DE69 /* Base */,
			);
			name = LaunchScreen.storyboard;
			sourceTree = "<group>";
		};
/* End PBXVariantGroup section */

/* Begin XCBuildConfiguration section */
		8D469C021C4830020056DE69 /* Debug */ = {
			isa = XCBuildConfiguration;
			buildSettings = {
				ALWAYS_SEARCH_USER_PATHS = NO;
				CLANG_CXX_LANGUAGE_STANDARD = "gnu++0x";
				CLANG_CXX_LIBRARY = "libc++";
				CLANG_ENABLE_MODULES = YES;
				CLANG_ENABLE_OBJC_ARC = YES;
				CLANG_WARN_BOOL_CONVERSION = YES;
				CLANG_WARN_CONSTANT_CONVERSION = YES;
				CLANG_WARN_DIRECT_OBJC_ISA_USAGE = YES_ERROR;
				CLANG_WARN_EMPTY_BODY = YES;
				CLANG_WARN_ENUM_CONVERSION = YES;
				CLANG_WARN_INT_CONVERSION = YES;
				CLANG_WARN_OBJC_ROOT_CLASS = YES_ERROR;
				CLANG_WARN_UNREACHABLE_CODE = YES;
				CLANG_WARN__DUPLICATE_METHOD_MATCH = YES;
				"CODE_SIGN_IDENTITY[sdk=iphoneos*]" = "iPhone Developer";
				COPY_PHASE_STRIP = NO;
				DEBUG_INFORMATION_FORMAT = dwarf;
				ENABLE_STRICT_OBJC_MSGSEND = YES;
				ENABLE_TESTABILITY = YES;
				GCC_C_LANGUAGE_STANDARD = gnu99;
				GCC_DYNAMIC_NO_PIC = NO;
				GCC_NO_COMMON_BLOCKS = YES;
				GCC_OPTIMIZATION_LEVEL = 0;
				GCC_PREPROCESSOR_DEFINITIONS = (
					"DEBUG=1",
					"$(inherited)",
				);
				GCC_WARN_64_TO_32_BIT_CONVERSION = YES;
				GCC_WARN_ABOUT_RETURN_TYPE = YES_ERROR;
				GCC_WARN_UNDECLARED_SELECTOR = YES;
				GCC_WARN_UNINITIALIZED_AUTOS = YES_AGGRESSIVE;
				GCC_WARN_UNUSED_FUNCTION = YES;
				GCC_WARN_UNUSED_VARIABLE = YES;
				IPHONEOS_DEPLOYMENT_TARGET = 9.2;
				MTL_ENABLE_DEBUG_INFO = YES;
				ONLY_ACTIVE_ARCH = YES;
				SDKROOT = iphoneos;
				TARGETED_DEVICE_FAMILY = "1,2";
			};
			name = Debug;
		};
		8D469C031C4830020056DE69 /* Release */ = {
			isa = XCBuildConfiguration;
			buildSettings = {
				ALWAYS_SEARCH_USER_PATHS = NO;
				CLANG_CXX_LANGUAGE_STANDARD = "gnu++0x";
				CLANG_CXX_LIBRARY = "libc++";
				CLANG_ENABLE_MODULES = YES;
				CLANG_ENABLE_OBJC_ARC = YES;
				CLANG_WARN_BOOL_CONVERSION = YES;
				CLANG_WARN_CONSTANT_CONVERSION = YES;
				CLANG_WARN_DIRECT_OBJC_ISA_USAGE = YES_ERROR;
				CLANG_WARN_EMPTY_BODY = YES;
				CLANG_WARN_ENUM_CONVERSION = YES;
				CLANG_WARN_INT_CONVERSION = YES;
				CLANG_WARN_OBJC_ROOT_CLASS = YES_ERROR;
				CLANG_WARN_UNREACHABLE_CODE = YES;
				CLANG_WARN__DUPLICATE_METHOD_MATCH = YES;
				"CODE_SIGN_IDENTITY[sdk=iphoneos*]" = "iPhone Developer";
				COPY_PHASE_STRIP = NO;
				DEBUG_INFORMATION_FORMAT = "dwarf-with-dsym";
				ENABLE_NS_ASSERTIONS = NO;
				ENABLE_STRICT_OBJC_MSGSEND = YES;
				GCC_C_LANGUAGE_STANDARD = gnu99;
				GCC_NO_COMMON_BLOCKS = YES;
				GCC_WARN_64_TO_32_BIT_CONVERSION = YES;
				GCC_WARN_ABOUT_RETURN_TYPE = YES_ERROR;
				GCC_WARN_UNDECLARED_SELECTOR = YES;
				GCC_WARN_UNINITIALIZED_AUTOS = YES_AGGRESSIVE;
				GCC_WARN_UNUSED_FUNCTION = YES;
				GCC_WARN_UNUSED_VARIABLE = YES;
				IPHONEOS_DEPLOYMENT_TARGET = 9.2;
				MTL_ENABLE_DEBUG_INFO = NO;
				SDKROOT = iphoneos;
				TARGETED_DEVICE_FAMILY = "1,2";
				VALIDATE_PRODUCT = YES;
			};
			name = Release;
		};
		8D469C051C4830020056DE69 /* Debug */ = {
			isa = XCBuildConfiguration;
			buildSettings = {
				ASSETCATALOG_COMPILER_APPICON_NAME = AppIcon;
				INFOPLIST_FILE = Breastfeeding/Info.plist;
				LD_RUNPATH_SEARCH_PATHS = "$(inherited) @executable_path/Frameworks";
				PRODUCT_BUNDLE_IDENTIFIER = com.sample.Breastfeeding;
				PRODUCT_NAME = "$(TARGET_NAME)";
			};
			name = Debug;
		};
		8D469C061C4830020056DE69 /* Release */ = {
			isa = XCBuildConfiguration;
			buildSettings = {
				ASSETCATALOG_COMPILER_APPICON_NAME = AppIcon;
				INFOPLIST_FILE = Breastfeeding/Info.plist;
				LD_RUNPATH_SEARCH_PATHS = "$(inherited) @executable_path/Frameworks";
				PRODUCT_BUNDLE_IDENTIFIER = com.sample.Breastfeeding;
				PRODUCT_NAME = "$(TARGET_NAME)";
			};
			name = Release;
		};
/* End XCBuildConfiguration section */

/* Begin XCConfigurationList section */
		8D469BE51C4830020056DE69 /* Build configuration list for PBXProject "Breastfeeding" */ = {
			isa = XCConfigurationList;
			buildConfigurations = (
				8D469C021C4830020056DE69 /* Debug */,
				8D469C031C4830020056DE69 /* Release */,
			);
			defaultConfigurationIsVisible = 0;
			defaultConfigurationName = Release;
		};
		8D469C041C4830020056DE69 /* Build configuration list for PBXNativeTarget "Breastfeeding" */ = {
			isa = XCConfigurationList;
			buildConfigurations = (
				8D469C051C4830020056DE69 /* Debug */,
				8D469C061C4830020056DE69 /* Release */,
			);
			defaultConfigurationIsVisible = 0;
			defaultConfigurationName = Release;
		};
/* End XCConfigurationList section */

/* Begin XCVersionGroup section */
		8D469BF91C4830020056DE69 /* Breastfeeding.xcdatamodeld */ = {
			isa = XCVersionGroup;
			children = (
				8D469BFA1C4830020056DE69 /* Breastfeeding.xcdatamodel */,
			);
			currentVersion = 8D469BFA1C4830020056DE69 /* Breastfeeding.xcdatamodel */;
			path = Breastfeeding.xcdatamodeld;
			sourceTree = "<group>";
			versionGroupType = wrapper.xcdatamodel;
		};
/* End XCVersionGroup section */
	};
	rootObject = 8D469BE21C4830020056DE69 /* Project object */;
}
